
Microsoft Visual Studio Solution File, Format Version 12.00
# Visual Studio 2017
Project("{FAE04EC0-301F-11D3-BF4B-00C04F79EFBC}") = "kapitularz2", "kapitularz2.csproj", "{A9283269-71D3-5FC0-1932-BE40CB978EAB}"
EndProject
Global
	GlobalSection(SolutionConfigurationPlatforms) = preSolution
		Debug|Any CPU = Debug|Any CPU
		Release|Any CPU = Release|Any CPU
	EndGlobalSection
	GlobalSection(ProjectConfigurationPlatforms) = postSolution
		{A9283269-71D3-5FC0-1932-BE40CB978EAB}.Debug|Any CPU.ActiveCfg = Debug|Any CPU
		{A9283269-71D3-5FC0-1932-BE40CB978EAB}.Debug|Any CPU.Build.0 = Debug|Any CPU
		{A9283269-71D3-5FC0-1932-BE40CB978EAB}.Release|Any CPU.ActiveCfg = Release|Any CPU
		{A9283269-71D3-5FC0-1932-BE40CB978EAB}.Release|Any CPU.Build.0 = Release|Any CPU
	EndGlobalSection
	GlobalSection(SolutionProperties) = preSolution
		HideSolutionNode = FALSE
	EndGlobalSection
EndGlobal
